%{
  "coerce": {:hex, :coerce, "1.0.1", "211c27386315dc2894ac11bc1f413a0e38505d808153367bd5c6e75a4003d096", [:mix], [], "hexpm", "b44a691700f7a1a15b4b7e2ff1fa30bebd669929ac8aa43cffe9e2f8bf051cf1"},
  "complex": {:hex, :complex, "0.4.2", "923e5db0be13dbb3ea00cf8459d9f75f3afdd9ff5a82742ded21064330d28273", [:mix], [], "hexpm", "069a085ef820ce675a2619fd125b963ff4514af2102c7f7d7965128e5ec0a429"},
  "dll_loader_helper": {:hex, :dll_loader_helper, "0.1.8", "1621409a3cb06c750fe845bf954785cffa5fe8f2fca41006008b891877603bf7", [:make, :mix, :rebar3], [], "hexpm", "cd373dc6a028f3e37eca26b073e3a75249513db2f9b0e42520423886801fa7d7"},
  "elixir_make": {:hex, :elixir_make, "0.6.3", "bc07d53221216838d79e03a8019d0839786703129599e9619f4ab74c8c096eac", [:mix], [], "hexpm", "f5cbd651c5678bcaabdbb7857658ee106b12509cd976c2c2fca99688e1daf716"},
  "exla": {:hex, :exla, "0.4.0", "96665648dfc8daea9ba4cec8cd0ed1314964d8810e9f2a26143c46519e488c77", [:make, :mix], [{:elixir_make, "~> 0.6", [hex: :elixir_make, repo: "hexpm", optional: false]}, {:nx, "~> 0.4.0", [hex: :nx, repo: "hexpm", optional: false]}, {:xla, "~> 0.3.0", [hex: :xla, repo: "hexpm", optional: false]}], "hexpm", "75ddd86ec890ca3271cf4c39eec020e189aba6a421f48c6e137858a09a2f3ae0"},
  "extractable": {:hex, :extractable, "0.2.1", "cf32f0cf2328c073505be285fedecbc984a4f5fec300370dc9c6125bf4d99975", [:mix], [], "hexpm", "42532209510e365c3c9a56c33a2b5448ab1645c0ae124f261162f2c166061019"},
  "insertable": {:hex, :insertable, "0.2.0", "f9ef5e484d1cc0756f1d248a54466aa6388142a81df18f588158e3eda2501395", [:mix], [], "hexpm", "518a8b5870344c784dec4560a296e3ef539cd08e58df7f425485bb6158ab70d6"},
  "json": {:hex, :json, "1.4.1", "8648f04a9439765ad449bc56a3ff7d8b11dd44ff08ffcdefc4329f7c93843dfa", [:mix], [], "hexpm", "9abf218dbe4ea4fcb875e087d5f904ef263d012ee5ed21d46e9dbca63f053d16"},
  "numbers": {:hex, :numbers, "5.2.4", "f123d5bb7f6acc366f8f445e10a32bd403c8469bdbce8ce049e1f0972b607080", [:mix], [{:coerce, "~> 1.0", [hex: :coerce, repo: "hexpm", optional: false]}, {:decimal, "~> 1.9 or ~> 2.0", [hex: :decimal, repo: "hexpm", optional: true]}], "hexpm", "eeccf5c61d5f4922198395bf87a465b6f980b8b862dd22d28198c5e6fab38582"},
  "nx": {:hex, :nx, "0.4.0", "2ec2cebec6a9ac8a3d5ae8ef79345cf92f37f9018d50817684e51e97b86f3d36", [:mix], [{:complex, "~> 0.4.2", [hex: :complex, repo: "hexpm", optional: false]}], "hexpm", "bab955768dadfe2208723fbffc9255341b023291f2aabcbd25bf98167dd3399e"},
  "tensor": {:hex, :tensor, "2.1.2", "2f0569f922300e5fa09128481b9da418190e9f11c701d3777c4d0f60eac12806", [:mix], [{:extractable, "~> 0.2.0", [hex: :extractable, repo: "hexpm", optional: false]}, {:fun_land, "~> 0.9.0", [hex: :fun_land, repo: "hexpm", optional: true]}, {:insertable, "~> 0.2.0", [hex: :insertable, repo: "hexpm", optional: false]}, {:numbers, "~> 5.0", [hex: :numbers, repo: "hexpm", optional: false]}], "hexpm", "edc770c9e32fcf9c50e14808541dcba226370b0fec7276c4f551b5ea910dbdbc"},
  "torchx": {:hex, :torchx, "0.4.0", "fef588a357bc079fa7d6d5799d7f1e7ebdd4e888e215b1b7518cb6a3a5cfae86", [:make, :mix], [{:dll_loader_helper, "~> 0.1.0", [hex: :dll_loader_helper, repo: "hexpm", optional: false]}, {:elixir_make, "~> 0.6", [hex: :elixir_make, repo: "hexpm", optional: false]}, {:nx, "~> 0.4.0", [hex: :nx, repo: "hexpm", optional: false]}], "hexpm", "62a3ed3c89f31434cc0d4734a583c79a4d53e5b8462f7ecb897aea1843a41f83"},
  "xla": {:hex, :xla, "0.3.0", "7f40d3d799447bd745e6e61985c922821e355eca37c25754bac299d11f137f2e", [:make, :mix], [{:elixir_make, "~> 0.4", [hex: :elixir_make, repo: "hexpm", optional: false]}], "hexpm", "0de304f5624ea2f2ae1afdcbd72d33855364be36fed2cc5de8d6d2ec8950926e"},
}
